
Microsoft Visual Studio Solution File, Format Version 12.00
# Visual Studio 15
Project("{FAE04EC0-301F-11D3-BF4B-00C04F79EFBC}") = "Assembly-CSharp", "Assembly-CSharp.csproj", "{8547618C-851F-5F0A-ECF9-419B4D10E4C2}"
EndProject
Project("{FAE04EC0-301F-11D3-BF4B-00C04F79EFBC}") = "Assembly-CSharp-Editor", "Assembly-CSharp-Editor.csproj", "{CF9C652B-3678-DE26-AF54-611FD2363C13}"
EndProject
Global
	GlobalSection(SolutionConfigurationPlatforms) = preSolution
		Debug|Any CPU = Debug|Any CPU
		Release|Any CPU = Release|Any CPU
	EndGlobalSection
	GlobalSection(ProjectConfigurationPlatforms) = postSolution
		{8547618C-851F-5F0A-ECF9-419B4D10E4C2}.Debug|Any CPU.ActiveCfg = Debug|Any CPU
		{8547618C-851F-5F0A-ECF9-419B4D10E4C2}.Debug|Any CPU.Build.0 = Debug|Any CPU
		{8547618C-851F-5F0A-ECF9-419B4D10E4C2}.Release|Any CPU.ActiveCfg = Release|Any CPU
		{8547618C-851F-5F0A-ECF9-419B4D10E4C2}.Release|Any CPU.Build.0 = Release|Any CPU
		{CF9C652B-3678-DE26-AF54-611FD2363C13}.Debug|Any CPU.ActiveCfg = Debug|Any CPU
		{CF9C652B-3678-DE26-AF54-611FD2363C13}.Debug|Any CPU.Build.0 = Debug|Any CPU
		{CF9C652B-3678-DE26-AF54-611FD2363C13}.Release|Any CPU.ActiveCfg = Release|Any CPU
		{CF9C652B-3678-DE26-AF54-611FD2363C13}.Release|Any CPU.Build.0 = Release|Any CPU
	EndGlobalSection
	GlobalSection(SolutionProperties) = preSolution
		HideSolutionNode = FALSE
	EndGlobalSection
EndGlobal
